
Microsoft Visual Studio Solution File, Format Version 12.00
# Visual Studio Version 16
VisualStudioVersion = 16.0.30320.27
MinimumVisualStudioVersion = 10.0.40219.1
Project("{FAE04EC0-301F-11D3-BF4B-00C04F79EFBC}") = "HR_Application", "HR_Application\HR_Application.csproj", "{762B8A36-3E94-4A27-B932-A55FCD340B98}"
EndProject
Global
	GlobalSection(SolutionConfigurationPlatforms) = preSolution
		Debug|Any CPU = Debug|Any CPU
		Release|Any CPU = Release|Any CPU
	EndGlobalSection
	GlobalSection(ProjectConfigurationPlatforms) = postSolution
		{762B8A36-3E94-4A27-B932-A55FCD340B98}.Debug|Any CPU.ActiveCfg = Debug|Any CPU
		{762B8A36-3E94-4A27-B932-A55FCD340B98}.Debug|Any CPU.Build.0 = Debug|Any CPU
		{762B8A36-3E94-4A27-B932-A55FCD340B98}.Release|Any CPU.ActiveCfg = Release|Any CPU
		{762B8A36-3E94-4A27-B932-A55FCD340B98}.Release|Any CPU.Build.0 = Release|Any CPU
	EndGlobalSection
	GlobalSection(SolutionProperties) = preSolution
		HideSolutionNode = FALSE
	EndGlobalSection
	GlobalSection(ExtensibilityGlobals) = postSolution
		SolutionGuid = {F0772D83-4DE4-431B-8590-0E9F1651A1E9}
	EndGlobalSection
EndGlobal
